
Microsoft Visual Studio Solution File, Format Version 12.00
# Visual Studio Version 17
VisualStudioVersion = 17.4.33205.214
MinimumVisualStudioVersion = 10.0.40219.1
Project("{FAE04EC0-301F-11D3-BF4B-00C04F79EFBC}") = "Demo_01_Class_Intro", "Demo_01_Class_Intro\Demo_01_Class_Intro.csproj", "{D0B3442F-E8AC-4967-A107-7270CA4B36D0}"
EndProject
Global
	GlobalSection(SolutionConfigurationPlatforms) = preSolution
		Debug|Any CPU = Debug|Any CPU
		Release|Any CPU = Release|Any CPU
	EndGlobalSection
	GlobalSection(ProjectConfigurationPlatforms) = postSolution
		{D0B3442F-E8AC-4967-A107-7270CA4B36D0}.Debug|Any CPU.ActiveCfg = Debug|Any CPU
		{D0B3442F-E8AC-4967-A107-7270CA4B36D0}.Debug|Any CPU.Build.0 = Debug|Any CPU
		{D0B3442F-E8AC-4967-A107-7270CA4B36D0}.Release|Any CPU.ActiveCfg = Release|Any CPU
		{D0B3442F-E8AC-4967-A107-7270CA4B36D0}.Release|Any CPU.Build.0 = Release|Any CPU
	EndGlobalSection
	GlobalSection(SolutionProperties) = preSolution
		HideSolutionNode = FALSE
	EndGlobalSection
	GlobalSection(ExtensibilityGlobals) = postSolution
		SolutionGuid = {93FB0B05-BF5D-4FAA-8A62-D2547D4F5159}
	EndGlobalSection
EndGlobal
